
Microsoft Visual Studio Solution File, Format Version 12.00
# Visual Studio Version 17
VisualStudioVersion = 17.13.35919.96 d17.13
MinimumVisualStudioVersion = 10.0.40219.1
Project("{FAE04EC0-301F-11D3-BF4B-00C04F79EFBC}") = "MatchingGame", "MatchingGame\MatchingGame.csproj", "{929C7973-9B12-4DBD-A210-E96BBBFBBCE1}"
EndProject
Global
	GlobalSection(SolutionConfigurationPlatforms) = preSolution
		Debug|Any CPU = Debug|Any CPU
		Release|Any CPU = Release|Any CPU
	EndGlobalSection
	GlobalSection(ProjectConfigurationPlatforms) = postSolution
		{929C7973-9B12-4DBD-A210-E96BBBFBBCE1}.Debug|Any CPU.ActiveCfg = Debug|Any CPU
		{929C7973-9B12-4DBD-A210-E96BBBFBBCE1}.Debug|Any CPU.Build.0 = Debug|Any CPU
		{929C7973-9B12-4DBD-A210-E96BBBFBBCE1}.Release|Any CPU.ActiveCfg = Release|Any CPU
		{929C7973-9B12-4DBD-A210-E96BBBFBBCE1}.Release|Any CPU.Build.0 = Release|Any CPU
	EndGlobalSection
	GlobalSection(SolutionProperties) = preSolution
		HideSolutionNode = FALSE
	EndGlobalSection
	GlobalSection(ExtensibilityGlobals) = postSolution
		SolutionGuid = {D9B041C6-B789-4D22-B1F9-D6C7B51B7F13}
	EndGlobalSection
EndGlobal
